github.com/creachadair/atomicfile v0.3.8 h1:PyMIBZHZunTF+2+OSJCUg4XWO9nh6NwIacUBtF6tdg8=
github.com/creachadair/atomicfile v0.3.8/go.mod h1:oZrfNyYdwMjCD+eKNqsnPmdnQ54z4ujOoYvNTZyuJ2A=
github.com/creachadair/command v0.1.22 h1:WmdrURwZdmPD1jm13SjKooaMoqo7mW1qI2BPCShs154=
github.com/creachadair/command v0.1.22/go.mod h1:YFc+OMGucqTpxwQg/iJnNg8BMNmRPDK60rYy8ckgKwE=
github.com/creachadair/flax v0.0.4 h1:6JYUw/MK85Tw9f99n1PBBfLWYrxQkfrgWP4A6zf4XhE=
github.com/creachadair/flax v0.0.4/go.mod h1:F1PML0JZLXSNDMNiRGK2yjm5f+L9QCHchyHBldFymj8=
github.com/creachadair/mds v0.24.1 h1:bzL4ItCtAUxxO9KkotP0PVzlw4tnJicAcjPu82v2mGs=
github.com/creachadair/mds v0.24.1/go.mod h1:ArfS0vPHoLV/SzuIzoqTEZfoYmac7n9Cj8XPANHocvw=
github.com/creachadair/taskgroup v0.13.2 h1:3KyqakBuFsm3KkXi/9XIb0QcA8tEzLHLgaoidf0MdVc=
github.com/creachadair/taskgroup v0.13.2/go.mod h1:i3V1Zx7H8RjwljUEeUWYT30Lmb9poewSb2XI1yTwD0g=
github.com/fortytw2/leaktest v1.3.0 h1:u8491cBMTQ8ft8aeV+adlcytMZylmA5nnwwkRZjI8vw=
github.com/fortytw2/leaktest v1.3.0/go.mod h1:jDsjWgpAGjm2CA7WthBh/CdZYEPF31XHquHwclZch5g=
github.com/google/go-cmp v0.7.0 h1:wk8382ETsv4JYUZwIsn6YpYiWiBsYLSJiTsyBybVuN8=
github.com/google/go-cmp v0.7.0/go.mod h1:pXiqmnSA92OHEEa9HXL2W4E7lf9JzCmGVUdgjX3N/iU=
