github.com/creachadair/atomicfile v0.3.8 h1:PyMIBZHZunTF+2+OSJCUg4XWO9nh6NwIacUBtF6tdg8=
github.com/creachadair/atomicfile v0.3.8/go.mod h1:oZrfNyYdwMjCD+eKNqsnPmdnQ54z4ujOoYvNTZyuJ2A=
github.com/creachadair/command v0.1.25 h1:4rN4ZD5jN8w5LUK83s9AcSEy0v/nKXlR7Aq0/rkKAk0=
github.com/creachadair/command v0.1.25/go.mod h1:+18hYRwZNDE9rMbMgy1P1gfgmU5bGMd7zFRBC0ARk+Y=
github.com/creachadair/flax v0.0.5 h1:zt+CRuXQASxwQ68e9GHAOnEgAU29nF0zYMHOCrL5wzE=
github.com/creachadair/flax v0.0.5/go.mod h1:F1PML0JZLXSNDMNiRGK2yjm5f+L9QCHchyHBldFymj8=
github.com/creachadair/mds v0.25.2 h1:xc0S0AfDq5GX9KUR5sLvi5XjA61/P6S5e0xFs1vA18Q=
github.com/creachadair/mds v0.25.2/go.mod h1:+s4CFteFRj4eq2KcGHW8Wei3u9NyzSPzNV32EvjyK/Q=
github.com/creachadair/taskgroup v0.14.0 h1:qInsb1fYzsWR4CRDzmFj4tquBJqt3W+gNr/svOIHjCs=
github.com/creachadair/taskgroup v0.14.0/go.mod h1:MaMD1JcizKLm2c6vqovMrROslgu/oFAiS5INgr89pk8=
github.com/fortytw2/leaktest v1.3.0 h1:u8491cBMTQ8ft8aeV+adlcytMZylmA5nnwwkRZjI8vw=
github.com/fortytw2/leaktest v1.3.0/go.mod h1:jDsjWgpAGjm2CA7WthBh/CdZYEPF31XHquHwclZch5g=
github.com/google/go-cmp v0.7.0 h1:wk8382ETsv4JYUZwIsn6YpYiWiBsYLSJiTsyBybVuN8=
github.com/google/go-cmp v0.7.0/go.mod h1:pXiqmnSA92OHEEa9HXL2W4E7lf9JzCmGVUdgjX3N/iU=
