github.com/creachadair/atomicfile v0.3.5 h1:i93bxeaH/rQR6XfJslola3XkOM1nEP3eIexuk9SWcSc=
github.com/creachadair/atomicfile v0.3.5/go.mod h1:m7kIY2OUMygtETnMYe141rubsG4b+EusFLinlxxdHYM=
github.com/creachadair/command v0.1.19 h1:608PeK7JfGwhuyAJZnb0ijDS0bBz9XJif/6B3DAUrtI=
github.com/creachadair/command v0.1.19/go.mod h1:Vfl1ld2a0hrW62gjhwcwF0rjCa9xQuC1s0vlW6OFesw=
github.com/creachadair/flax v0.0.2 h1:E0cc6njSIhSh6wSP9jSp/Rdx9pPDtru4vhaazxbNU5k=
github.com/creachadair/flax v0.0.2/go.mod h1:K8bFvn8hMdAljQkaKNc7I3os5Wk36JxkyCkfdZ7S8d4=
github.com/creachadair/mds v0.21.4 h1:osKuLbjkV7YswBnhuTJh1lCDkqZMQnNfFVn0j8wLpz8=
github.com/creachadair/mds v0.21.4/go.mod h1:1ltMWZd9yXhaHEoZwBialMaviWVUpRPvMwVP7saFAzM=
github.com/creachadair/taskgroup v0.13.1 h1:OMDSdQV+OCr7uyS322cBlC2X3YPGec6wWAhAaNoSQwg=
github.com/creachadair/taskgroup v0.13.1/go.mod h1:i3V1Zx7H8RjwljUEeUWYT30Lmb9poewSb2XI1yTwD0g=
github.com/fortytw2/leaktest v1.3.0 h1:u8491cBMTQ8ft8aeV+adlcytMZylmA5nnwwkRZjI8vw=
github.com/fortytw2/leaktest v1.3.0/go.mod h1:jDsjWgpAGjm2CA7WthBh/CdZYEPF31XHquHwclZch5g=
github.com/google/go-cmp v0.6.0 h1:ofyhxvXcZhMsU5ulbFiLKl/XBFqE1GSq7atu8tAmTRI=
github.com/google/go-cmp v0.6.0/go.mod h1:17dUlkBOakJ0+DkrSSNjCkIjxS6bF9zb3elmeNGIjoY=
